// !$*UTF8*$!
{
   archiveVersion = "1";
   objectVersion = "46";
   objects = {
      OBJ_1 = {
         isa = "PBXProject";
         attributes = {
            LastUpgradeCheck = "9999";
         };
         buildConfigurationList = OBJ_2;
         compatibilityVersion = "Xcode 3.2";
         developmentRegion = "English";
         hasScannedForEncodings = "0";
         knownRegions = (
            "en",
         );
         mainGroup = OBJ_5;
         productRefGroup = OBJ_26;
         projectDirPath = ".";
         targets = (
            OBJ_30,
            OBJ_42,
            OBJ_56,
         );
      };
      OBJ_10 = {
         isa = "PBXFileReference";
         path = "Store+Dispatch.swift";
         sourceTree = "<group>";
      };
      OBJ_11 = {
         isa = "PBXFileReference";
         path = "Store+Subscribe.swift";
         sourceTree = "<group>";
      };
      OBJ_12 = {
         isa = "PBXFileReference";
         path = "Store.swift";
         sourceTree = "<group>";
      };
      OBJ_13 = {
         isa = "PBXFileReference";
         path = "Types.swift";
         sourceTree = "<group>";
      };
      OBJ_14 = {
         isa = "PBXGroup";
         children = (
            OBJ_15,
         );
         name = "Tests";
         path = "";
         sourceTree = "SOURCE_ROOT";
      };
      OBJ_15 = {
         isa = "PBXGroup";
         children = (
            OBJ_16,
            OBJ_17,
         );
         name = "TDReduxTests";
         path = "Tests/TDReduxTests";
         sourceTree = "SOURCE_ROOT";
      };
      OBJ_16 = {
         isa = "PBXFileReference";
         path = "TDReduxTests.swift";
         sourceTree = "<group>";
      };
      OBJ_17 = {
         isa = "PBXFileReference";
         path = "ToDoRedux.swift";
         sourceTree = "<group>";
      };
      OBJ_18 = {
         isa = "PBXGroup";
         children = (
            OBJ_19,
         );
         name = "Dependencies";
         path = "";
         sourceTree = "<group>";
      };
      OBJ_19 = {
         isa = "PBXGroup";
         children = (
            OBJ_20,
            OBJ_21,
            OBJ_22,
            OBJ_23,
            OBJ_24,
            OBJ_25,
         );
         name = "spec 1.2.0";
         path = ".build/checkouts/spec.swift.git--2530084168576953906/Sources";
         sourceTree = "SOURCE_ROOT";
      };
      OBJ_2 = {
         isa = "XCConfigurationList";
         buildConfigurations = (
            OBJ_3,
            OBJ_4,
         );
         defaultConfigurationIsVisible = "0";
         defaultConfigurationName = "Debug";
      };
      OBJ_20 = {
         isa = "PBXFileReference";
         path = "Extensions.swift";
         sourceTree = "<group>";
      };
      OBJ_21 = {
         isa = "PBXFileReference";
         path = "Functions.swift";
         sourceTree = "<group>";
      };
      OBJ_22 = {
         isa = "PBXFileReference";
         path = "Global.swift";
         sourceTree = "<group>";
      };
      OBJ_23 = {
         isa = "PBXFileReference";
         path = "Matchers.swift";
         sourceTree = "<group>";
      };
      OBJ_24 = {
         isa = "PBXFileReference";
         path = "Reporters.swift";
         sourceTree = "<group>";
      };
      OBJ_25 = {
         isa = "PBXFileReference";
         path = "Types.swift";
         sourceTree = "<group>";
      };
      OBJ_26 = {
         isa = "PBXGroup";
         children = (
            OBJ_27,
            OBJ_28,
            OBJ_29,
         );
         name = "Products";
         path = "";
         sourceTree = "BUILT_PRODUCTS_DIR";
      };
      OBJ_27 = {
         isa = "PBXFileReference";
         path = "spec.framework";
         sourceTree = "BUILT_PRODUCTS_DIR";
      };
      OBJ_28 = {
         isa = "PBXFileReference";
         path = "TDRedux.framework";
         sourceTree = "BUILT_PRODUCTS_DIR";
      };
      OBJ_29 = {
         isa = "PBXFileReference";
         path = "TDReduxTests.xctest";
         sourceTree = "BUILT_PRODUCTS_DIR";
      };
      OBJ_3 = {
         isa = "XCBuildConfiguration";
         buildSettings = {
            CLANG_ENABLE_OBJC_ARC = "YES";
            COMBINE_HIDPI_IMAGES = "YES";
            COPY_PHASE_STRIP = "NO";
            DEBUG_INFORMATION_FORMAT = "dwarf";
            DYLIB_INSTALL_NAME_BASE = "@rpath";
            ENABLE_NS_ASSERTIONS = "YES";
            GCC_OPTIMIZATION_LEVEL = "0";
            MACOSX_DEPLOYMENT_TARGET = "10.10";
            ONLY_ACTIVE_ARCH = "YES";
            OTHER_SWIFT_FLAGS = (
               "-DXcode",
            );
            PRODUCT_NAME = "$(TARGET_NAME)";
            SDKROOT = "macosx";
            SUPPORTED_PLATFORMS = (
               "macosx",
               "iphoneos",
               "iphonesimulator",
               "appletvos",
               "appletvsimulator",
               "watchos",
               "watchsimulator",
            );
            SWIFT_ACTIVE_COMPILATION_CONDITIONS = "SWIFT_PACKAGE";
            SWIFT_OPTIMIZATION_LEVEL = "-Onone";
            SWIFT_VERSION = "3.0";
            USE_HEADERMAP = "NO";
         };
         name = "Debug";
      };
      OBJ_30 = {
         isa = "PBXNativeTarget";
         buildConfigurationList = OBJ_31;
         buildPhases = (
            OBJ_34,
            OBJ_41,
         );
         dependencies = (
         );
         name = "spec";
         productName = "spec";
         productReference = OBJ_27;
         productType = "com.apple.product-type.framework";
      };
      OBJ_31 = {
         isa = "XCConfigurationList";
         buildConfigurations = (
            OBJ_32,
            OBJ_33,
         );
         defaultConfigurationIsVisible = "0";
         defaultConfigurationName = "Debug";
      };
      OBJ_32 = {
         isa = "XCBuildConfiguration";
         buildSettings = {
            ENABLE_TESTABILITY = "YES";
            FRAMEWORK_SEARCH_PATHS = (
               "$(inherited)",
               "$(PLATFORM_DIR)/Developer/Library/Frameworks",
            );
            HEADER_SEARCH_PATHS = (
               "$(inherited)",
            );
            INFOPLIST_FILE = "TDRedux.xcodeproj/spec_Info.plist";
            LD_RUNPATH_SEARCH_PATHS = (
               "$(TOOLCHAIN_DIR)/usr/lib/swift/macosx",
            );
            OTHER_LDFLAGS = (
               "$(inherited)",
            );
            OTHER_SWIFT_FLAGS = (
               "$(inherited)",
            );
            PRODUCT_BUNDLE_IDENTIFIER = "spec";
            PRODUCT_MODULE_NAME = "$(TARGET_NAME:c99extidentifier)";
            PRODUCT_NAME = "$(TARGET_NAME:c99extidentifier)";
            SKIP_INSTALL = "YES";
            TARGET_NAME = "spec";
         };
         name = "Debug";
      };
      OBJ_33 = {
         isa = "XCBuildConfiguration";
         buildSettings = {
            ENABLE_TESTABILITY = "YES";
            FRAMEWORK_SEARCH_PATHS = (
               "$(inherited)",
               "$(PLATFORM_DIR)/Developer/Library/Frameworks",
            );
            HEADER_SEARCH_PATHS = (
               "$(inherited)",
            );
            INFOPLIST_FILE = "TDRedux.xcodeproj/spec_Info.plist";
            LD_RUNPATH_SEARCH_PATHS = (
               "$(TOOLCHAIN_DIR)/usr/lib/swift/macosx",
            );
            OTHER_LDFLAGS = (
               "$(inherited)",
            );
            OTHER_SWIFT_FLAGS = (
               "$(inherited)",
            );
            PRODUCT_BUNDLE_IDENTIFIER = "spec";
            PRODUCT_MODULE_NAME = "$(TARGET_NAME:c99extidentifier)";
            PRODUCT_NAME = "$(TARGET_NAME:c99extidentifier)";
            SKIP_INSTALL = "YES";
            TARGET_NAME = "spec";
         };
         name = "Release";
      };
      OBJ_34 = {
         isa = "PBXSourcesBuildPhase";
         files = (
            OBJ_35,
            OBJ_36,
            OBJ_37,
            OBJ_38,
            OBJ_39,
            OBJ_40,
         );
      };
      OBJ_35 = {
         isa = "PBXBuildFile";
         fileRef = OBJ_20;
      };
      OBJ_36 = {
         isa = "PBXBuildFile";
         fileRef = OBJ_21;
      };
      OBJ_37 = {
         isa = "PBXBuildFile";
         fileRef = OBJ_22;
      };
      OBJ_38 = {
         isa = "PBXBuildFile";
         fileRef = OBJ_23;
      };
      OBJ_39 = {
         isa = "PBXBuildFile";
         fileRef = OBJ_24;
      };
      OBJ_4 = {
         isa = "XCBuildConfiguration";
         buildSettings = {
            CLANG_ENABLE_OBJC_ARC = "YES";
            COMBINE_HIDPI_IMAGES = "YES";
            COPY_PHASE_STRIP = "YES";
            DEBUG_INFORMATION_FORMAT = "dwarf-with-dsym";
            DYLIB_INSTALL_NAME_BASE = "@rpath";
            GCC_OPTIMIZATION_LEVEL = "s";
            MACOSX_DEPLOYMENT_TARGET = "10.10";
            OTHER_SWIFT_FLAGS = (
               "-DXcode",
            );
            PRODUCT_NAME = "$(TARGET_NAME)";
            SDKROOT = "macosx";
            SUPPORTED_PLATFORMS = (
               "macosx",
               "iphoneos",
               "iphonesimulator",
               "appletvos",
               "appletvsimulator",
               "watchos",
               "watchsimulator",
            );
            SWIFT_ACTIVE_COMPILATION_CONDITIONS = "SWIFT_PACKAGE";
            SWIFT_OPTIMIZATION_LEVEL = "-Owholemodule";
            SWIFT_VERSION = "3.0";
            USE_HEADERMAP = "NO";
         };
         name = "Release";
      };
      OBJ_40 = {
         isa = "PBXBuildFile";
         fileRef = OBJ_25;
      };
      OBJ_41 = {
         isa = "PBXFrameworksBuildPhase";
         files = (
         );
      };
      OBJ_42 = {
         isa = "PBXNativeTarget";
         buildConfigurationList = OBJ_43;
         buildPhases = (
            OBJ_46,
            OBJ_53,
         );
         dependencies = (
            OBJ_55,
         );
         name = "TDRedux";
         productName = "TDRedux";
         productReference = OBJ_28;
         productType = "com.apple.product-type.framework";
      };
      OBJ_43 = {
         isa = "XCConfigurationList";
         buildConfigurations = (
            OBJ_44,
            OBJ_45,
         );
         defaultConfigurationIsVisible = "0";
         defaultConfigurationName = "Debug";
      };
      OBJ_44 = {
         isa = "XCBuildConfiguration";
         buildSettings = {
            ENABLE_TESTABILITY = "YES";
            FRAMEWORK_SEARCH_PATHS = (
               "$(inherited)",
               "$(PLATFORM_DIR)/Developer/Library/Frameworks",
            );
            HEADER_SEARCH_PATHS = (
               "$(inherited)",
            );
            INFOPLIST_FILE = "TDRedux.xcodeproj/TDRedux_Info.plist";
            LD_RUNPATH_SEARCH_PATHS = (
               "$(TOOLCHAIN_DIR)/usr/lib/swift/macosx",
            );
            OTHER_LDFLAGS = (
               "$(inherited)",
            );
            OTHER_SWIFT_FLAGS = (
               "$(inherited)",
            );
            PRODUCT_BUNDLE_IDENTIFIER = "TDRedux";
            PRODUCT_MODULE_NAME = "$(TARGET_NAME:c99extidentifier)";
            PRODUCT_NAME = "$(TARGET_NAME:c99extidentifier)";
            SKIP_INSTALL = "YES";
            TARGET_NAME = "TDRedux";
         };
         name = "Debug";
      };
      OBJ_45 = {
         isa = "XCBuildConfiguration";
         buildSettings = {
            ENABLE_TESTABILITY = "YES";
            FRAMEWORK_SEARCH_PATHS = (
               "$(inherited)",
               "$(PLATFORM_DIR)/Developer/Library/Frameworks",
            );
            HEADER_SEARCH_PATHS = (
               "$(inherited)",
            );
            INFOPLIST_FILE = "TDRedux.xcodeproj/TDRedux_Info.plist";
            LD_RUNPATH_SEARCH_PATHS = (
               "$(TOOLCHAIN_DIR)/usr/lib/swift/macosx",
            );
            OTHER_LDFLAGS = (
               "$(inherited)",
            );
            OTHER_SWIFT_FLAGS = (
               "$(inherited)",
            );
            PRODUCT_BUNDLE_IDENTIFIER = "TDRedux";
            PRODUCT_MODULE_NAME = "$(TARGET_NAME:c99extidentifier)";
            PRODUCT_NAME = "$(TARGET_NAME:c99extidentifier)";
            SKIP_INSTALL = "YES";
            TARGET_NAME = "TDRedux";
         };
         name = "Release";
      };
      OBJ_46 = {
         isa = "PBXSourcesBuildPhase";
         files = (
            OBJ_47,
            OBJ_48,
            OBJ_49,
            OBJ_50,
            OBJ_51,
            OBJ_52,
         );
      };
      OBJ_47 = {
         isa = "PBXBuildFile";
         fileRef = OBJ_8;
      };
      OBJ_48 = {
         isa = "PBXBuildFile";
         fileRef = OBJ_9;
      };
      OBJ_49 = {
         isa = "PBXBuildFile";
         fileRef = OBJ_10;
      };
      OBJ_5 = {
         isa = "PBXGroup";
         children = (
            OBJ_6,
            OBJ_7,
            OBJ_14,
            OBJ_18,
            OBJ_26,
         );
         path = "";
         sourceTree = "<group>";
      };
      OBJ_50 = {
         isa = "PBXBuildFile";
         fileRef = OBJ_11;
      };
      OBJ_51 = {
         isa = "PBXBuildFile";
         fileRef = OBJ_12;
      };
      OBJ_52 = {
         isa = "PBXBuildFile";
         fileRef = OBJ_13;
      };
      OBJ_53 = {
         isa = "PBXFrameworksBuildPhase";
         files = (
            OBJ_54,
         );
      };
      OBJ_54 = {
         isa = "PBXBuildFile";
         fileRef = OBJ_27;
      };
      OBJ_55 = {
         isa = "PBXTargetDependency";
         target = OBJ_30;
      };
      OBJ_56 = {
         isa = "PBXNativeTarget";
         buildConfigurationList = OBJ_57;
         buildPhases = (
            OBJ_60,
            OBJ_63,
         );
         dependencies = (
            OBJ_66,
            OBJ_67,
         );
         name = "TDReduxTests";
         productName = "TDReduxTests";
         productReference = OBJ_29;
         productType = "com.apple.product-type.bundle.unit-test";
      };
      OBJ_57 = {
         isa = "XCConfigurationList";
         buildConfigurations = (
            OBJ_58,
            OBJ_59,
         );
         defaultConfigurationIsVisible = "0";
         defaultConfigurationName = "Debug";
      };
      OBJ_58 = {
         isa = "XCBuildConfiguration";
         buildSettings = {
            EMBEDDED_CONTENT_CONTAINS_SWIFT = "YES";
            FRAMEWORK_SEARCH_PATHS = (
               "$(inherited)",
               "$(PLATFORM_DIR)/Developer/Library/Frameworks",
            );
            HEADER_SEARCH_PATHS = (
               "$(inherited)",
            );
            INFOPLIST_FILE = "TDRedux.xcodeproj/TDReduxTests_Info.plist";
            LD_RUNPATH_SEARCH_PATHS = (
               "@loader_path/../Frameworks",
               "@loader_path/Frameworks",
            );
            OTHER_LDFLAGS = (
               "$(inherited)",
            );
            OTHER_SWIFT_FLAGS = (
               "$(inherited)",
            );
            TARGET_NAME = "TDReduxTests";
         };
         name = "Debug";
      };
      OBJ_59 = {
         isa = "XCBuildConfiguration";
         buildSettings = {
            EMBEDDED_CONTENT_CONTAINS_SWIFT = "YES";
            FRAMEWORK_SEARCH_PATHS = (
               "$(inherited)",
               "$(PLATFORM_DIR)/Developer/Library/Frameworks",
            );
            HEADER_SEARCH_PATHS = (
               "$(inherited)",
            );
            INFOPLIST_FILE = "TDRedux.xcodeproj/TDReduxTests_Info.plist";
            LD_RUNPATH_SEARCH_PATHS = (
               "@loader_path/../Frameworks",
               "@loader_path/Frameworks",
            );
            OTHER_LDFLAGS = (
               "$(inherited)",
            );
            OTHER_SWIFT_FLAGS = (
               "$(inherited)",
            );
            TARGET_NAME = "TDReduxTests";
         };
         name = "Release";
      };
      OBJ_6 = {
         isa = "PBXFileReference";
         explicitFileType = "sourcecode.swift";
         path = "Package.swift";
         sourceTree = "<group>";
      };
      OBJ_60 = {
         isa = "PBXSourcesBuildPhase";
         files = (
            OBJ_61,
            OBJ_62,
         );
      };
      OBJ_61 = {
         isa = "PBXBuildFile";
         fileRef = OBJ_16;
      };
      OBJ_62 = {
         isa = "PBXBuildFile";
         fileRef = OBJ_17;
      };
      OBJ_63 = {
         isa = "PBXFrameworksBuildPhase";
         files = (
            OBJ_64,
            OBJ_65,
         );
      };
      OBJ_64 = {
         isa = "PBXBuildFile";
         fileRef = OBJ_27;
      };
      OBJ_65 = {
         isa = "PBXBuildFile";
         fileRef = OBJ_28;
      };
      OBJ_66 = {
         isa = "PBXTargetDependency";
         target = OBJ_30;
      };
      OBJ_67 = {
         isa = "PBXTargetDependency";
         target = OBJ_42;
      };
      OBJ_7 = {
         isa = "PBXGroup";
         children = (
            OBJ_8,
            OBJ_9,
            OBJ_10,
            OBJ_11,
            OBJ_12,
            OBJ_13,
         );
         name = "Sources";
         path = "Sources";
         sourceTree = "SOURCE_ROOT";
      };
      OBJ_8 = {
         isa = "PBXFileReference";
         path = "Action.swift";
         sourceTree = "<group>";
      };
      OBJ_9 = {
         isa = "PBXFileReference";
         path = "ReducerHelpers.swift";
         sourceTree = "<group>";
      };
   };
   rootObject = OBJ_1;
}
